{
  "version": 4,
  "terraform_version": "1.4.4",
  "serial": 19,
  "lineage": "082eccb4-67b6-1c85-b2b6-e1f1632cd58a",
  "outputs": {
    "resource_group_name": {
      "value": "dejan9hq84sm5-rg",
      "type": "string"
    },
    "storage_account_name": {
      "value": "9hq84sm5sa",
      "type": "string"
    }
  },
  "resources": [
    {
      "mode": "data",
      "type": "azurerm_subscription",
      "name": "current",
      "provider": "provider[\"registry.terraform.io/hashicorp/azurerm\"]",
      "instances": [
        {
          "schema_version": 0,
          "attributes": {
            "display_name": "Azure Pass - Sponsorship",
            "id": "/subscriptions/9a9add1b-ec20-4759-a4aa-9643e45f35fd",
            "location_placement_id": "Public_2014-09-01",
            "quota_id": "AzurePass_2014-09-01",
            "spending_limit": "Off",
            "state": "Enabled",
            "subscription_id": "9a9add1b-ec20-4759-a4aa-9643e45f35fd",
            "tags": {},
            "tenant_id": "6934b0f9-5591-482a-9539-524511658f4a",
            "timeouts": null
          },
          "sensitive_attributes": []
        }
      ]
    },
    {
      "mode": "managed",
      "type": "azurerm_resource_group",
      "name": "example",
      "provider": "provider[\"registry.terraform.io/hashicorp/azurerm\"]",
      "instances": [
        {
          "schema_version": 0,
          "attributes": {
            "id": "/subscriptions/9a9add1b-ec20-4759-a4aa-9643e45f35fd/resourceGroups/dejan9hq84sm5-rg",
            "location": "westeurope",
            "name": "dejan9hq84sm5-rg",
            "tags": {},
            "timeouts": null
          },
          "sensitive_attributes": [],
          "private": "eyJlMmJmYjczMC1lY2FhLTExZTYtOGY4OC0zNDM2M2JjN2M0YzAiOnsiY3JlYXRlIjo1NDAwMDAwMDAwMDAwLCJkZWxldGUiOjU0MDAwMDAwMDAwMDAsInJlYWQiOjMwMDAwMDAwMDAwMCwidXBkYXRlIjo1NDAwMDAwMDAwMDAwfX0=",
          "dependencies": [
            "random_string.random"
          ]
        }
      ]
    },
    {
      "mode": "managed",
      "type": "azurerm_storage_account",
      "name": "example",
      "provider": "provider[\"registry.terraform.io/hashicorp/azurerm\"]",
      "instances": [
        {
          "status": "tainted",
          "schema_version": 3,
          "attributes": {
            "access_tier": "Hot",
            "account_kind": "StorageV2",
            "account_replication_type": "GRS",
            "account_tier": "Standard",
            "allow_nested_items_to_be_public": true,
            "allowed_copy_scope": "",
            "azure_files_authentication": [],
            "blob_properties": [
              {
                "change_feed_enabled": true,
                "change_feed_retention_in_days": 0,
                "container_delete_retention_policy": [],
                "cors_rule": [],
                "default_service_version": "",
                "delete_retention_policy": [
                  {
                    "days": 8
                  }
                ],
                "last_access_time_enabled": false,
                "restore_policy": [
                  {
                    "days": 7
                  }
                ],
                "versioning_enabled": true
              }
            ],
            "cross_tenant_replication_enabled": true,
            "custom_domain": [],
            "customer_managed_key": [],
            "default_to_oauth_authentication": false,
            "edge_zone": "",
            "enable_https_traffic_only": true,
            "id": "/subscriptions/9a9add1b-ec20-4759-a4aa-9643e45f35fd/resourceGroups/dejan9hq84sm5-rg/providers/Microsoft.Storage/storageAccounts/9hq84sm5sa",
            "identity": [],
            "immutability_policy": [],
            "infrastructure_encryption_enabled": false,
            "is_hns_enabled": false,
            "large_file_share_enabled": null,
            "location": "westeurope",
            "min_tls_version": "TLS1_2",
            "name": "9hq84sm5sa",
            "network_rules": [
              {
                "bypass": [
                  "AzureServices"
                ],
                "default_action": "Allow",
                "ip_rules": [],
                "private_link_access": [],
                "virtual_network_subnet_ids": []
              }
            ],
            "nfsv3_enabled": false,
            "primary_access_key": "bvPY2Up72eOP29SO8CsuQAIR3Cu31zbS+6ifXyXdYOEPw3HIj9CudJsZbjlpoTGulz7qeKKSicBb+AStt5RDxA==",
            "primary_blob_connection_string": "DefaultEndpointsProtocol=https;BlobEndpoint=https://9hq84sm5sa.blob.core.windows.net/;AccountName=9hq84sm5sa;AccountKey=bvPY2Up72eOP29SO8CsuQAIR3Cu31zbS+6ifXyXdYOEPw3HIj9CudJsZbjlpoTGulz7qeKKSicBb+AStt5RDxA==",
            "primary_blob_endpoint": "https://9hq84sm5sa.blob.core.windows.net/",
            "primary_blob_host": "9hq84sm5sa.blob.core.windows.net",
            "primary_connection_string": "DefaultEndpointsProtocol=https;AccountName=9hq84sm5sa;AccountKey=bvPY2Up72eOP29SO8CsuQAIR3Cu31zbS+6ifXyXdYOEPw3HIj9CudJsZbjlpoTGulz7qeKKSicBb+AStt5RDxA==;EndpointSuffix=core.windows.net",
            "primary_dfs_endpoint": "https://9hq84sm5sa.dfs.core.windows.net/",
            "primary_dfs_host": "9hq84sm5sa.dfs.core.windows.net",
            "primary_file_endpoint": "https://9hq84sm5sa.file.core.windows.net/",
            "primary_file_host": "9hq84sm5sa.file.core.windows.net",
            "primary_location": "westeurope",
            "primary_queue_endpoint": "https://9hq84sm5sa.queue.core.windows.net/",
            "primary_queue_host": "9hq84sm5sa.queue.core.windows.net",
            "primary_table_endpoint": "https://9hq84sm5sa.table.core.windows.net/",
            "primary_table_host": "9hq84sm5sa.table.core.windows.net",
            "primary_web_endpoint": "https://9hq84sm5sa.z6.web.core.windows.net/",
            "primary_web_host": "9hq84sm5sa.z6.web.core.windows.net",
            "public_network_access_enabled": true,
            "queue_encryption_key_type": "Service",
            "queue_properties": [],
            "resource_group_name": "dejan9hq84sm5-rg",
            "routing": [],
            "sas_policy": [],
            "secondary_access_key": "NWaXPqYu2yf9JA7hTCCmVdXeDfWvMIISFiZ/FPR4pxHMZcHow4h9Yns4qnT8k091u1i2G7+bnbtZ+AStOs0CZQ==",
            "secondary_blob_connection_string": "",
            "secondary_blob_endpoint": null,
            "secondary_blob_host": null,
            "secondary_connection_string": "DefaultEndpointsProtocol=https;AccountName=9hq84sm5sa;AccountKey=NWaXPqYu2yf9JA7hTCCmVdXeDfWvMIISFiZ/FPR4pxHMZcHow4h9Yns4qnT8k091u1i2G7+bnbtZ+AStOs0CZQ==;EndpointSuffix=core.windows.net",
            "secondary_dfs_endpoint": null,
            "secondary_dfs_host": null,
            "secondary_file_endpoint": null,
            "secondary_file_host": null,
            "secondary_location": "northeurope",
            "secondary_queue_endpoint": null,
            "secondary_queue_host": null,
            "secondary_table_endpoint": null,
            "secondary_table_host": null,
            "secondary_web_endpoint": null,
            "secondary_web_host": null,
            "sftp_enabled": false,
            "share_properties": null,
            "shared_access_key_enabled": true,
            "static_website": [],
            "table_encryption_key_type": "Service",
            "tags": {
              "environment": "staging"
            },
            "timeouts": null
          },
          "sensitive_attributes": [],
          "private": "eyJlMmJmYjczMC1lY2FhLTExZTYtOGY4OC0zNDM2M2JjN2M0YzAiOnsiY3JlYXRlIjozNjAwMDAwMDAwMDAwLCJkZWxldGUiOjM2MDAwMDAwMDAwMDAsInJlYWQiOjMwMDAwMDAwMDAwMCwidXBkYXRlIjozNjAwMDAwMDAwMDAwfSwic2NoZW1hX3ZlcnNpb24iOiIzIn0=",
          "dependencies": [
            "azurerm_resource_group.example",
            "random_string.random"
          ]
        }
      ]
    },
    {
      "mode": "managed",
      "type": "random_string",
      "name": "random",
      "provider": "provider[\"registry.terraform.io/hashicorp/random\"]",
      "instances": [
        {
          "schema_version": 2,
          "attributes": {
            "id": "9hq84sm5",
            "keepers": null,
            "length": 8,
            "lower": true,
            "min_lower": 0,
            "min_numeric": 0,
            "min_special": 0,
            "min_upper": 0,
            "number": true,
            "numeric": true,
            "override_special": null,
            "result": "9hq84sm5",
            "special": false,
            "upper": false
          },
          "sensitive_attributes": []
        }
      ]
    }
  ],
  "check_results": null
}
